<?xml version="1.0" encoding="utf-8"?>
<Project ToolsVersion="4.0" xmlns="http://schemas.microsoft.com/developer/msbuild/2003">
  <ItemGroup>
    <ClCompile Include="src\gui\GUI.cpp">
      <Filter>Source\gui</Filter>
    </ClCompile>
    <ClCompile Include="src\hooking\CrossMapping.cpp">
      <Filter>Source\hooking</Filter>
    </ClCompile>
    <ClCompile Include="src\hooking\GameHooking.cpp">
      <Filter>Source\hooking</Filter>
    </ClCompile>
    <ClCompile Include="src\hooking\Memory.cpp">
      <Filter>Source\hooking</Filter>
    </ClCompile>
    <ClCompile Include="src\hooking\NativeInvoker.cpp">
      <Filter>Source\hooking</Filter>
    </ClCompile>
    <ClCompile Include="src\game\CheatFeatures.cpp">
      <Filter>Source\game</Filter>
    </ClCompile>
    <ClCompile Include="src\game\GameArrays.cpp">
      <Filter>Source\game</Filter>
    </ClCompile>
    <ClCompile Include="src\game\GameFunctions.cpp">
      <Filter>Source\game</Filter>
    </ClCompile>
    <ClCompile Include="src\cheat\CheatFunctions.cpp">
      <Filter>Source\cheat</Filter>
    </ClCompile>
    <ClCompile Include="src\cheat\Logger.cpp">
      <Filter>Source\cheat</Filter>
    </ClCompile>
    <ClCompile Include="src\cheat\FiberMain.cpp">
      <Filter>Source\cheat</Filter>
    </ClCompile>
    <ClCompile Include="src\cheat\Entry.cpp">
      <Filter>Source\cheat</Filter>
    </ClCompile>
    <ClCompile Include="src\gui\Submenus\Self.cpp">
      <Filter>Source\gui\Submenus</Filter>
    </ClCompile>
    <ClCompile Include="src\gui\Submenus\Home.cpp">
      <Filter>Source\gui\Submenus</Filter>
    </ClCompile>
    <ClCompile Include="src\gui\Submenus\AllPlayersExclusions.cpp">
      <Filter>Source\gui\Submenus</Filter>
    </ClCompile>
    <ClCompile Include="src\gui\Submenus\AllPlayers.cpp">
      <Filter>Source\gui\Submenus</Filter>
    </ClCompile>
    <ClCompile Include="src\gui\Submenus\Session.cpp">
      <Filter>Source\gui\Submenus</Filter>
    </ClCompile>
    <ClCompile Include="src\gui\Submenus\SessionChat.cpp">
      <Filter>Source\gui\Submenus</Filter>
    </ClCompile>
    <ClCompile Include="src\gui\Submenus\RecoverySubmenuWarning.cpp">
      <Filter>Source\gui\Submenus</Filter>
    </ClCompile>
    <ClCompile Include="src\gui\Submenus\RecoveryStatistics.cpp">
      <Filter>Source\gui\Submenus</Filter>
    </ClCompile>
    <ClCompile Include="src\gui\Submenus\Recovery.cpp">
      <Filter>Source\gui\Submenus</Filter>
    </ClCompile>
    <ClCompile Include="src\gui\Submenus\ReportStatistics.cpp">
      <Filter>Source\gui\Submenus</Filter>
    </ClCompile>
    <ClCompile Include="src\gui\Submenus\SelfModel.cpp">
      <Filter>Source\gui\Submenus</Filter>
    </ClCompile>
    <ClCompile Include="src\gui\Submenus\SpawnedVehicles.cpp">
      <Filter>Source\gui\Submenus</Filter>
    </ClCompile>
    <ClCompile Include="src\gui\Submenus\VehicleSpawn.cpp">
      <Filter>Source\gui\Submenus</Filter>
    </ClCompile>
    <ClCompile Include="src\gui\Submenus\Spawn.cpp">
      <Filter>Source\gui\Submenus</Filter>
    </ClCompile>
    <ClCompile Include="src\gui\Submenus\ObjectSpawn.cpp">
      <Filter>Source\gui\Submenus</Filter>
    </ClCompile>
    <ClCompile Include="src\gui\Submenus\PlayerList.cpp">
      <Filter>Source\gui\Submenus</Filter>
    </ClCompile>
    <ClCompile Include="src\gui\Submenus\PedSpawn.cpp">
      <Filter>Source\gui\Submenus</Filter>
    </ClCompile>
    <ClCompile Include="src\gui\Submenus\ThemeFiles.cpp">
      <Filter>Source\gui\Submenus</Filter>
    </ClCompile>
    <ClCompile Include="src\gui\Submenus\Theme.cpp">
      <Filter>Source\gui\Submenus</Filter>
    </ClCompile>
    <ClCompile Include="src\gui\Submenus\About.cpp">
      <Filter>Source\gui\Submenus</Filter>
    </ClCompile>
    <ClCompile Include="src\gui\Submenus\Settings.cpp">
      <Filter>Source\gui\Submenus</Filter>
    </ClCompile>
    <ClCompile Include="src\gui\Submenus\World.cpp">
      <Filter>Source\gui\Submenus</Filter>
    </ClCompile>
    <ClCompile Include="src\gui\Submenus\NearbyPeds.cpp">
      <Filter>Source\gui\Submenus</Filter>
    </ClCompile>
    <ClCompile Include="src\gui\Submenus\NearbyVehicles.cpp">
      <Filter>Source\gui\Submenus</Filter>
    </ClCompile>
    <ClCompile Include="src\gui\Submenus\Time.cpp">
      <Filter>Source\gui\Submenus</Filter>
    </ClCompile>
    <ClCompile Include="src\gui\Submenus\Vehicle.cpp">
      <Filter>Source\gui\Submenus</Filter>
    </ClCompile>
    <ClCompile Include="src\gui\Submenus\VehicleCustomizer.cpp">
      <Filter>Source\gui\Submenus</Filter>
    </ClCompile>
    <ClCompile Include="src\gui\Submenus\VehicleCustomizerColor.cpp">
      <Filter>Source\gui\Submenus</Filter>
    </ClCompile>
    <ClCompile Include="src\gui\Submenus\VehicleCustomizerNeon.cpp">
      <Filter>Source\gui\Submenus</Filter>
    </ClCompile>
    <ClCompile Include="src\gui\Submenus\VehicleMultipliers.cpp">
      <Filter>Source\gui\Submenus</Filter>
    </ClCompile>
    <ClCompile Include="src\gui\Submenus\Miscellaneous.cpp">
      <Filter>Source\gui\Submenus</Filter>
    </ClCompile>
    <ClCompile Include="src\gui\Submenus\Globals.cpp">
      <Filter>Source\gui\Submenus</Filter>
    </ClCompile>
    <ClCompile Include="src\gui\Submenus\Vision.cpp">
      <Filter>Source\gui\Submenus</Filter>
    </ClCompile>
    <ClCompile Include="src\gui\Submenus\HideElements.cpp">
      <Filter>Source\gui\Submenus</Filter>
    </ClCompile>
    <ClCompile Include="src\gui\Submenus\Protection.cpp">
      <Filter>Source\gui\Submenus</Filter>
    </ClCompile>
    <ClCompile Include="src\gui\Submenus\Wardrobe.cpp">
      <Filter>Source\gui\Submenus</Filter>
    </ClCompile>
    <ClCompile Include="src\gui\Submenus\IPLLoader.cpp">
      <Filter>Source\gui\Submenus</Filter>
    </ClCompile>
    <ClCompile Include="src\gui\Submenus\Weapons.cpp">
      <Filter>Source\gui\Submenus</Filter>
    </ClCompile>
    <ClCompile Include="src\gui\Submenus\Weapon.cpp">
      <Filter>Source\gui\Submenus</Filter>
    </ClCompile>
    <ClCompile Include="src\gui\Submenus\ShootEntities.cpp">
      <Filter>Source\gui\Submenus</Filter>
    </ClCompile>
    <ClCompile Include="src\gui\Submenus\VehicleWeapons.cpp">
      <Filter>Source\gui\Submenus</Filter>
    </ClCompile>
    <ClCompile Include="src\gui\Submenus\VehicleSpawnSettings.cpp">
      <Filter>Source\gui\Submenus</Filter>
    </ClCompile>
    <ClCompile Include="src\gui\Submenus\Teleport.cpp">
      <Filter>Source\gui\Submenus</Filter>
    </ClCompile>
    <ClCompile Include="src\gui\Submenus\HUD.cpp">
      <Filter>Source\gui\Submenus</Filter>
    </ClCompile>
    <ClCompile Include="src\gui\Submenus\CustomTeleportLocations.cpp">
      <Filter>Source\gui\Submenus</Filter>
    </ClCompile>
    <ClCompile Include="src\gui\Submenus\Weather.cpp">
      <Filter>Source\gui\Submenus</Filter>
    </ClCompile>
    <ClCompile Include="src\gui\Submenus\ESP.cpp">
      <Filter>Source\gui\Submenus</Filter>
    </ClCompile>
    <ClCompile Include="src\gui\Submenus\Radio.cpp">
      <Filter>Source\gui\Submenus</Filter>
    </ClCompile>
    <ClCompile Include="src\gui\Submenus\WeaponVisuals.cpp">
      <Filter>Source\gui\Submenus</Filter>
    </ClCompile>
    <ClCompile Include="src\gui\Submenus\Animations.cpp">
      <Filter>Source\gui\Submenus</Filter>
    </ClCompile>
    <ClCompile Include="src\gui\Submenus\SelectedPlayerTeleport.cpp">
      <Filter>Source\gui\Submenus</Filter>
    </ClCompile>
    <ClCompile Include="src\gui\Submenus\SelectedPlayer.cpp">
      <Filter>Source\gui\Submenus</Filter>
    </ClCompile>
    <ClCompile Include="src\gui\Submenus\SelectedPlayerRemote.cpp">
      <Filter>Source\gui\Submenus</Filter>
    </ClCompile>
    <ClCompile Include="src\gui\Submenus\SelectedPlayerApartmentTeleport.cpp">
      <Filter>Source\gui\Submenus</Filter>
    </ClCompile>
    <ClCompile Include="src\gui\Submenus\SelectedPlayerAttachments.cpp">
      <Filter>Source\gui\Submenus</Filter>
    </ClCompile>
    <ClCompile Include="src\gui\Submenus\SelectedPlayerFriendly.cpp">
      <Filter>Source\gui\Submenus</Filter>
    </ClCompile>
    <ClCompile Include="src\gui\Submenus\SelectedPlayerGriefing.cpp">
      <Filter>Source\gui\Submenus</Filter>
    </ClCompile>
    <ClCompile Include="src\gui\Submenus\Aimbot.cpp">
      <Filter>Source\gui\Submenus</Filter>
    </ClCompile>
    <ClCompile Include="src\gui\Submenus\IPLTeleports.cpp">
      <Filter>Source\gui\Submenus</Filter>
    </ClCompile>
    <ClCompile Include="src\gui\Submenus\WeaponAmmo.cpp">
      <Filter>Source\gui\Submenus</Filter>
    </ClCompile>
    <ClCompile Include="src\gui\Submenus\LandmarkTeleportLocations.cpp">
      <Filter>Source\gui\Submenus</Filter>
    </ClCompile>
    <ClCompile Include="src\gui\Submenus\SafehousesTeleportLocations.cpp">
      <Filter>Source\gui\Submenus</Filter>
    </ClCompile>
    <ClCompile Include="src\gui\Submenus\HighAltitudeTeleportLocations.cpp">
      <Filter>Source\gui\Submenus</Filter>
    </ClCompile>
    <ClCompile Include="src\gui\Submenus\UnderwaterTeleportLocations.cpp">
      <Filter>Source\gui\Submenus</Filter>
    </ClCompile>
    <ClCompile Include="src\gui\Submenus.cpp">
      <Filter>Source\gui</Filter>
    </ClCompile>
    <ClCompile Include="src\cheat\Controls.cpp">
      <Filter>Source\cheat</Filter>
    </ClCompile>
    <ClCompile Include="src\gui\Submenus\SessionStarter.cpp">
      <Filter>Source\gui\Submenus</Filter>
    </ClCompile>
    <ClCompile Include="src\gui\Submenus\ProtectionScriptEvents.cpp">
      <Filter>Source\gui\Submenus</Filter>
    </ClCompile>
    <ClCompile Include="src\gui\Submenus\ProtectionNetworkEvents.cpp">
      <Filter>Source\gui\Submenus</Filter>
    </ClCompile>
    <ClCompile Include="src\gui\Submenus\Disables.cpp">
      <Filter>Source\gui\Submenus</Filter>
    </ClCompile>
    <ClCompile Include="src\gui\Submenus\Television.cpp">
      <Filter>Source\gui\Submenus</Filter>
    </ClCompile>
    <ClCompile Include="vendor\jsoncpp\src\lib_json\json_reader.cpp">
      <Filter>vendor\JsonCpp</Filter>
    </ClCompile>
    <ClCompile Include="vendor\jsoncpp\src\lib_json\json_value.cpp">
      <Filter>vendor\JsonCpp</Filter>
    </ClCompile>
    <ClCompile Include="vendor\jsoncpp\src\lib_json\json_writer.cpp">
      <Filter>vendor\JsonCpp</Filter>
    </ClCompile>
    <ClCompile Include="vendor\minhook\src\buffer.c">
      <Filter>vendor\MinHook</Filter>
    </ClCompile>
    <ClCompile Include="vendor\minhook\src\hook.c">
      <Filter>vendor\MinHook</Filter>
    </ClCompile>
    <ClCompile Include="vendor\minhook\src\trampoline.c">
      <Filter>vendor\MinHook</Filter>
    </ClCompile>
    <ClCompile Include="vendor\minhook\src\hde\hde32.c">
      <Filter>vendor\MinHook</Filter>
    </ClCompile>
    <ClCompile Include="vendor\minhook\src\hde\hde64.c">
      <Filter>vendor\MinHook</Filter>
    </ClCompile>
  </ItemGroup>
  <ItemGroup>
    <ClInclude Include="src\resource.h">
      <Filter>Header</Filter>
    </ClInclude>
    <ClInclude Include="src\hooking\CrossMapping.h">
      <Filter>Header\hooking</Filter>
    </ClInclude>
    <ClInclude Include="src\hooking\Enums.h">
      <Filter>Header\hooking</Filter>
    </ClInclude>
    <ClInclude Include="src\hooking\GameHooking.h">
      <Filter>Header\hooking</Filter>
    </ClInclude>
    <ClInclude Include="src\hooking\Memory.h">
      <Filter>Header\hooking</Filter>
    </ClInclude>
    <ClInclude Include="src\hooking\NativeCaller.h">
      <Filter>Header\hooking</Filter>
    </ClInclude>
    <ClInclude Include="src\hooking\NativeInvoker.h">
      <Filter>Header\hooking</Filter>
    </ClInclude>
    <ClInclude Include="src\hooking\Natives.h">
      <Filter>Header\hooking</Filter>
    </ClInclude>
    <ClInclude Include="src\hooking\Offsets.h">
      <Filter>Header\hooking</Filter>
    </ClInclude>
    <ClInclude Include="src\hooking\Types.h">
      <Filter>Header\hooking</Filter>
    </ClInclude>
    <ClInclude Include="src\game\GameArrays.h">
      <Filter>Header\game</Filter>
    </ClInclude>
    <ClInclude Include="src\game\CheatFeatures.h">
      <Filter>Header\game</Filter>
    </ClInclude>
    <ClInclude Include="src\cheat\CheatFunctions.h">
      <Filter>Header\cheat</Filter>
    </ClInclude>
    <ClInclude Include="src\game\GameFunctions.h">
      <Filter>Header\game</Filter>
    </ClInclude>
    <ClInclude Include="src\cheat\Logger.h">
      <Filter>Header\cheat</Filter>
    </ClInclude>
    <ClInclude Include="src\cheat\FiberMain.h">
      <Filter>Header\cheat</Filter>
    </ClInclude>
    <ClInclude Include="src\cheat\Controls.h">
      <Filter>Header\cheat</Filter>
    </ClInclude>
    <ClInclude Include="vendor\minhook\src\buffer.h">
      <Filter>vendor\MinHook</Filter>
    </ClInclude>
    <ClInclude Include="vendor\minhook\src\trampoline.h">
      <Filter>vendor\MinHook</Filter>
    </ClInclude>
    <ClInclude Include="vendor\minhook\src\hde\hde32.h">
      <Filter>vendor\MinHook</Filter>
    </ClInclude>
    <ClInclude Include="vendor\minhook\src\hde\hde64.h">
      <Filter>vendor\MinHook</Filter>
    </ClInclude>
    <ClInclude Include="vendor\minhook\src\hde\pstdint.h">
      <Filter>vendor\MinHook</Filter>
    </ClInclude>
    <ClInclude Include="vendor\minhook\src\hde\table32.h">
      <Filter>vendor\MinHook</Filter>
    </ClInclude>
    <ClInclude Include="vendor\minhook\src\hde\table64.h">
      <Filter>vendor\MinHook</Filter>
    </ClInclude>
    <ClInclude Include="src\gui\Submenus.h">
      <Filter>Source\gui</Filter>
    </ClInclude>
    <ClInclude Include="src\gui\GUI.h">
      <Filter>Source\gui</Filter>
    </ClInclude>
  </ItemGroup>
  <ItemGroup>
    <Filter Include="Header">
      <UniqueIdentifier>{71d4327f-1117-4e50-ba45-90d2264c2234}</UniqueIdentifier>
    </Filter>
    <Filter Include="Source">
      <UniqueIdentifier>{55f18c92-5ce2-4e86-8240-174ddd6ccdce}</UniqueIdentifier>
    </Filter>
    <Filter Include="vendor">
      <UniqueIdentifier>{00a174fd-3530-433d-ad59-06ff96b440cb}</UniqueIdentifier>
    </Filter>
    <Filter Include="vendor\JsonCpp">
      <UniqueIdentifier>{0b55cbd2-6517-45ca-8e74-11c4db14246b}</UniqueIdentifier>
    </Filter>
    <Filter Include="vendor\MinHook">
      <UniqueIdentifier>{edfb048a-9322-40d1-af4b-27594b4cc41c}</UniqueIdentifier>
    </Filter>
    <Filter Include="Header\hooking">
      <UniqueIdentifier>{8b60f633-ad6c-4473-884e-1eb717078592}</UniqueIdentifier>
    </Filter>
    <Filter Include="Header\game">
      <UniqueIdentifier>{038ff4a2-4baf-489d-bfae-19618392c6f8}</UniqueIdentifier>
    </Filter>
    <Filter Include="Header\cheat">
      <UniqueIdentifier>{b3aed617-ec49-41e1-bcbd-c8209c8c4525}</UniqueIdentifier>
    </Filter>
    <Filter Include="Source\cheat">
      <UniqueIdentifier>{f7bf8f26-8357-44d6-9d53-ae30952450c2}</UniqueIdentifier>
    </Filter>
    <Filter Include="Source\game">
      <UniqueIdentifier>{42e37770-c2e3-4238-9169-1581fc135c4b}</UniqueIdentifier>
    </Filter>
    <Filter Include="Source\hooking">
      <UniqueIdentifier>{4d038309-95bb-47b8-8d3a-f21a846ed6ad}</UniqueIdentifier>
    </Filter>
    <Filter Include="Source\gui">
      <UniqueIdentifier>{65f6b538-1687-484b-be62-9110b59f13e6}</UniqueIdentifier>
    </Filter>
    <Filter Include="Source\gui\Submenus">
      <UniqueIdentifier>{dc010fde-a7b6-452a-b2b6-d2add43e2ad6}</UniqueIdentifier>
    </Filter>
    <Filter Include="Source\gui\menu_components">
      <UniqueIdentifier>{8011cdcd-6644-46a9-850f-d68d1fd3eb86}</UniqueIdentifier>
    </Filter>
  </ItemGroup>
  <ItemGroup>
    <ResourceCompile Include="src\GTAV.rc" />
  </ItemGroup>
</Project>